
Microsoft Visual Studio Solution File, Format Version 12.00
# Visual Studio Version 17
VisualStudioVersion = 17.9.34728.123
MinimumVisualStudioVersion = 10.0.40219.1
Project("{FAE04EC0-301F-11D3-BF4B-00C04F79EFBC}") = "ExactProductStructureReport", "ExactProductStructureReport.csproj", "{10B448E6-60BF-4B14-BFDE-5DC6DCB9FAEC}"
EndProject
Global
	GlobalSection(SolutionConfigurationPlatforms) = preSolution
		Debug|Any CPU = Debug|Any CPU
		Release|Any CPU = Release|Any CPU
	EndGlobalSection
	GlobalSection(ProjectConfigurationPlatforms) = postSolution
		{10B448E6-60BF-4B14-BFDE-5DC6DCB9FAEC}.Debug|Any CPU.ActiveCfg = Debug|Any CPU
		{10B448E6-60BF-4B14-BFDE-5DC6DCB9FAEC}.Debug|Any CPU.Build.0 = Debug|Any CPU
		{10B448E6-60BF-4B14-BFDE-5DC6DCB9FAEC}.Release|Any CPU.ActiveCfg = Release|Any CPU
		{10B448E6-60BF-4B14-BFDE-5DC6DCB9FAEC}.Release|Any CPU.Build.0 = Release|Any CPU
	EndGlobalSection
	GlobalSection(SolutionProperties) = preSolution
		HideSolutionNode = FALSE
	EndGlobalSection
	GlobalSection(ExtensibilityGlobals) = postSolution
		SolutionGuid = {FF49209A-90CC-41C8-BD56-527A041DADE2}
	EndGlobalSection
EndGlobal
